
Microsoft Visual Studio Solution File, Format Version 12.00
# Visual Studio 15
VisualStudioVersion = 15.0.26430.14
MinimumVisualStudioVersion = 10.0.40219.1
Project("{FAE04EC0-301F-11D3-BF4B-00C04F79EFBC}") = "SpawnableItemFetcher", "SpawnableItemFetcher\SpawnableItemFetcher.csproj", "{A161A1E4-651B-4E98-B7EA-7855489918D6}"
EndProject
Project("{FAE04EC0-301F-11D3-BF4B-00C04F79EFBC}") = "SpawnableItemFetcherGUI", "SpawnableItemFetcherGUI\SpawnableItemFetcherGUI.csproj", "{7AAD61FA-EF6F-44E5-987C-FB2E11A60334}"
EndProject
Global
	GlobalSection(SolutionConfigurationPlatforms) = preSolution
		Debug|Any CPU = Debug|Any CPU
		Release|Any CPU = Release|Any CPU
	EndGlobalSection
	GlobalSection(ProjectConfigurationPlatforms) = postSolution
		{A161A1E4-651B-4E98-B7EA-7855489918D6}.Debug|Any CPU.ActiveCfg = Debug|Any CPU
		{A161A1E4-651B-4E98-B7EA-7855489918D6}.Debug|Any CPU.Build.0 = Debug|Any CPU
		{A161A1E4-651B-4E98-B7EA-7855489918D6}.Release|Any CPU.ActiveCfg = Release|Any CPU
		{A161A1E4-651B-4E98-B7EA-7855489918D6}.Release|Any CPU.Build.0 = Release|Any CPU
		{7AAD61FA-EF6F-44E5-987C-FB2E11A60334}.Debug|Any CPU.ActiveCfg = Debug|Any CPU
		{7AAD61FA-EF6F-44E5-987C-FB2E11A60334}.Debug|Any CPU.Build.0 = Debug|Any CPU
		{7AAD61FA-EF6F-44E5-987C-FB2E11A60334}.Release|Any CPU.ActiveCfg = Release|Any CPU
		{7AAD61FA-EF6F-44E5-987C-FB2E11A60334}.Release|Any CPU.Build.0 = Release|Any CPU
	EndGlobalSection
	GlobalSection(SolutionProperties) = preSolution
		HideSolutionNode = FALSE
	EndGlobalSection
EndGlobal
